PODS:
  - VTMBLELibrary (1.1.0)

DEPENDENCIES:
  - VTMBLELibrary (from `VTMBLELibrary`)

EXTERNAL SOURCES:
  VTMBLELibrary:
    :path: VTMBLELibrary

SPEC CHECKSUMS:
  VTMBLELibrary: d08cc67dffec7e1da3af66f1f702c9e293db29a7

PODFILE CHECKSUM: 6fe04e34cebf2c46dcace1de073dc0c929db64cd

COCOAPODS: 1.16.2
